// !$*UTF8*$!
{
	archiveVersion = 1;
	classes = {
	};
	objectVersion = 52;
	objects = {

/* Begin PBXBuildFile section */
		6603B5932764B6EF003F1D78 /* AppDelegate.swift in Sources */ = {isa = PBXBuildFile; fileRef = 6603B5922764B6EF003F1D78 /* AppDelegate.swift */; };
		6603B5952764B6F0003F1D78 /* SceneDelegate.swift in Sources */ = {isa = PBXBuildFile; fileRef = 6603B5942764B6F0003F1D78 /* SceneDelegate.swift */; };
		6603B59A2764B6F0003F1D78 /* Main.storyboard in Resources */ = {isa = PBXBuildFile; fileRef = 6603B5982764B6F0003F1D78 /* Main.storyboard */; };
		6603B59C2764B6F3003F1D78 /* Assets.xcassets in Resources */ = {isa = PBXBuildFile; fileRef = 6603B59B2764B6F3003F1D78 /* Assets.xcassets */; };
		6603B59F2764B6F3003F1D78 /* LaunchScreen.storyboard in Resources */ = {isa = PBXBuildFile; fileRef = 6603B59D2764B6F3003F1D78 /* LaunchScreen.storyboard */; };
		6603B5B02764B94A003F1D78 /* PokedexController.swift in Sources */ = {isa = PBXBuildFile; fileRef = 6603B5AF2764B94A003F1D78 /* PokedexController.swift */; };
		6603B5B22764BD9A003F1D78 /* Extensions.swift in Sources */ = {isa = PBXBuildFile; fileRef = 6603B5B12764BD9A003F1D78 /* Extensions.swift */; };
		6603B5B42764C6AB003F1D78 /* PokedexCell.swift in Sources */ = {isa = PBXBuildFile; fileRef = 6603B5B32764C6AB003F1D78 /* PokedexCell.swift */; };
		6603B5B627650F31003F1D78 /* NetworkManager.swift in Sources */ = {isa = PBXBuildFile; fileRef = 6603B5B527650F31003F1D78 /* NetworkManager.swift */; };
		6603B5B827651386003F1D78 /* Pokemon.swift in Sources */ = {isa = PBXBuildFile; fileRef = 6603B5B727651386003F1D78 /* Pokemon.swift */; };
		6603B5BA276744B4003F1D78 /* PokemonDetailViewController.swift in Sources */ = {isa = PBXBuildFile; fileRef = 6603B5B9276744B3003F1D78 /* PokemonDetailViewController.swift */; };
		6603B5BD2768D08D003F1D78 /* SDWebImage in Frameworks */ = {isa = PBXBuildFile; productRef = 6603B5BC2768D08D003F1D78 /* SDWebImage */; };
		6603B5BF2768D08D003F1D78 /* SDWebImageMapKit in Frameworks */ = {isa = PBXBuildFile; productRef = 6603B5BE2768D08D003F1D78 /* SDWebImageMapKit */; };
		6603B5C22769ED78003F1D78 /* PokedexViewModel.swift in Sources */ = {isa = PBXBuildFile; fileRef = 6603B5C12769ED76003F1D78 /* PokedexViewModel.swift */; };
		662445132776F26E0025C713 /* Constants.swift in Sources */ = {isa = PBXBuildFile; fileRef = 662445122776F26E0025C713 /* Constants.swift */; };
		66A423CA277849C8004B5717 /* PokeError.swift in Sources */ = {isa = PBXBuildFile; fileRef = 66A423C9277849C8004B5717 /* PokeError.swift */; };
/* End PBXBuildFile section */

/* Begin PBXFileReference section */
		6603B58F2764B6EF003F1D78 /* Pokedex.app */ = {isa = PBXFileReference; explicitFileType = wrapper.application; includeInIndex = 0; path = Pokedex.app; sourceTree = BUILT_PRODUCTS_DIR; };
		6603B5922764B6EF003F1D78 /* AppDelegate.swift */ = {isa = PBXFileReference; lastKnownFileType = sourcecode.swift; path = AppDelegate.swift; sourceTree = "<group>"; };
		6603B5942764B6F0003F1D78 /* SceneDelegate.swift */ = {isa = PBXFileReference; lastKnownFileType = sourcecode.swift; path = SceneDelegate.swift; sourceTree = "<group>"; };
		6603B5992764B6F0003F1D78 /* Base */ = {isa = PBXFileReference; lastKnownFileType = file.storyboard; name = Base; path = Base.lproj/Main.storyboard; sourceTree = "<group>"; };
		6603B59B2764B6F3003F1D78 /* Assets.xcassets */ = {isa = PBXFileReference; lastKnownFileType = folder.assetcatalog; path = Assets.xcassets; sourceTree = "<group>"; };
		6603B59E2764B6F3003F1D78 /* Base */ = {isa = PBXFileReference; lastKnownFileType = file.storyboard; name = Base; path = Base.lproj/LaunchScreen.storyboard; sourceTree = "<group>"; };
		6603B5A02764B6F3003F1D78 /* Info.plist */ = {isa = PBXFileReference; lastKnownFileType = text.plist.xml; path = Info.plist; sourceTree = "<group>"; };
		6603B5AF2764B94A003F1D78 /* PokedexController.swift */ = {isa = PBXFileReference; lastKnownFileType = sourcecode.swift; path = PokedexController.swift; sourceTree = "<group>"; };
		6603B5B12764BD9A003F1D78 /* Extensions.swift */ = {isa = PBXFileReference; fileEncoding = 4; lastKnownFileType = sourcecode.swift; path = Extensions.swift; sourceTree = "<group>"; };
		6603B5B32764C6AB003F1D78 /* PokedexCell.swift */ = {isa = PBXFileReference; lastKnownFileType = sourcecode.swift; path = PokedexCell.swift; sourceTree = "<group>"; };
		6603B5B527650F31003F1D78 /* NetworkManager.swift */ = {isa = PBXFileReference; lastKnownFileType = sourcecode.swift; path = NetworkManager.swift; sourceTree = "<group>"; };
		6603B5B727651386003F1D78 /* Pokemon.swift */ = {isa = PBXFileReference; lastKnownFileType = sourcecode.swift; path = Pokemon.swift; sourceTree = "<group>"; };
		6603B5B9276744B3003F1D78 /* PokemonDetailViewController.swift */ = {isa = PBXFileReference; lastKnownFileType = sourcecode.swift; path = PokemonDetailViewController.swift; sourceTree = "<group>"; };
		6603B5C12769ED76003F1D78 /* PokedexViewModel.swift */ = {isa = PBXFileReference; lastKnownFileType = sourcecode.swift; path = PokedexViewModel.swift; sourceTree = "<group>"; };
		662445122776F26E0025C713 /* Constants.swift */ = {isa = PBXFileReference; lastKnownFileType = sourcecode.swift; path = Constants.swift; sourceTree = "<group>"; };
		66A423C9277849C8004B5717 /* PokeError.swift */ = {isa = PBXFileReference; lastKnownFileType = sourcecode.swift; path = PokeError.swift; sourceTree = "<group>"; };
/* End PBXFileReference section */

/* Begin PBXFrameworksBuildPhase section */
		6603B58C2764B6EF003F1D78 /* Frameworks */ = {
			isa = PBXFrameworksBuildPhase;
			buildActionMask = 2147483647;
			files = (
				6603B5BF2768D08D003F1D78 /* SDWebImageMapKit in Frameworks */,
				6603B5BD2768D08D003F1D78 /* SDWebImage in Frameworks */,
			);
			runOnlyForDeploymentPostprocessing = 0;
		};
/* End PBXFrameworksBuildPhase section */

/* Begin PBXGroup section */
		6603B5862764B6EF003F1D78 = {
			isa = PBXGroup;
			children = (
				6603B5912764B6EF003F1D78 /* Pokedex */,
				6603B5902764B6EF003F1D78 /* Products */,
			);
			sourceTree = "<group>";
		};
		6603B5902764B6EF003F1D78 /* Products */ = {
			isa = PBXGroup;
			children = (
				6603B58F2764B6EF003F1D78 /* Pokedex.app */,
			);
			name = Products;
			sourceTree = "<group>";
		};
		6603B5912764B6EF003F1D78 /* Pokedex */ = {
			isa = PBXGroup;
			children = (
				6603B5C02769ED4D003F1D78 /* View Models */,
				6603B5A62764B853003F1D78 /* Model */,
				6603B5AB2764B8C2003F1D78 /* View */,
				6603B5AC2764B8CE003F1D78 /* Controller */,
				6603B5AD2764B8D4003F1D78 /* Service */,
				6603B5AE2764B8DD003F1D78 /* Utils */,
				6603B5922764B6EF003F1D78 /* AppDelegate.swift */,
				6603B5942764B6F0003F1D78 /* SceneDelegate.swift */,
				6603B5982764B6F0003F1D78 /* Main.storyboard */,
				6603B59B2764B6F3003F1D78 /* Assets.xcassets */,
				6603B59D2764B6F3003F1D78 /* LaunchScreen.storyboard */,
				6603B5A02764B6F3003F1D78 /* Info.plist */,
			);
			path = Pokedex;
			sourceTree = "<group>";
		};
		6603B5A62764B853003F1D78 /* Model */ = {
			isa = PBXGroup;
			children = (
				6603B5B727651386003F1D78 /* Pokemon.swift */,
			);
			path = Model;
			sourceTree = "<group>";
		};
		6603B5AB2764B8C2003F1D78 /* View */ = {
			isa = PBXGroup;
			children = (
				6603B5B32764C6AB003F1D78 /* PokedexCell.swift */,
			);
			path = View;
			sourceTree = "<group>";
		};
		6603B5AC2764B8CE003F1D78 /* Controller */ = {
			isa = PBXGroup;
			children = (
				6603B5AF2764B94A003F1D78 /* PokedexController.swift */,
				6603B5B9276744B3003F1D78 /* PokemonDetailViewController.swift */,
			);
			path = Controller;
			sourceTree = "<group>";
		};
		6603B5AD2764B8D4003F1D78 /* Service */ = {
			isa = PBXGroup;
			children = (
				6603B5B527650F31003F1D78 /* NetworkManager.swift */,
			);
			path = Service;
			sourceTree = "<group>";
		};
		6603B5AE2764B8DD003F1D78 /* Utils */ = {
			isa = PBXGroup;
			children = (
				6603B5B12764BD9A003F1D78 /* Extensions.swift */,
				662445122776F26E0025C713 /* Constants.swift */,
				66A423C9277849C8004B5717 /* PokeError.swift */,
			);
			path = Utils;
			sourceTree = "<group>";
		};
		6603B5C02769ED4D003F1D78 /* View Models */ = {
			isa = PBXGroup;
			children = (
				6603B5C12769ED76003F1D78 /* PokedexViewModel.swift */,
			);
			path = "View Models";
			sourceTree = "<group>";
		};
/* End PBXGroup section */

/* Begin PBXNativeTarget section */
		6603B58E2764B6EF003F1D78 /* Pokedex */ = {
			isa = PBXNativeTarget;
			buildConfigurationList = 6603B5A32764B6F3003F1D78 /* Build configuration list for PBXNativeTarget "Pokedex" */;
			buildPhases = (
				6603B58B2764B6EF003F1D78 /* Sources */,
				6603B58C2764B6EF003F1D78 /* Frameworks */,
				6603B58D2764B6EF003F1D78 /* Resources */,
			);
			buildRules = (
			);
			dependencies = (
			);
			name = Pokedex;
			packageProductDependencies = (
				6603B5BC2768D08D003F1D78 /* SDWebImage */,
				6603B5BE2768D08D003F1D78 /* SDWebImageMapKit */,
			);
			productName = Pokedex;
			productReference = 6603B58F2764B6EF003F1D78 /* Pokedex.app */;
			productType = "com.apple.product-type.application";
		};
/* End PBXNativeTarget section */

/* Begin PBXProject section */
		6603B5872764B6EF003F1D78 /* Project object */ = {
			isa = PBXProject;
			attributes = {
				LastSwiftUpdateCheck = 1250;
				LastUpgradeCheck = 1250;
				TargetAttributes = {
					6603B58E2764B6EF003F1D78 = {
						CreatedOnToolsVersion = 12.5.1;
					};
				};
			};
			buildConfigurationList = 6603B58A2764B6EF003F1D78 /* Build configuration list for PBXProject "Pokedex" */;
			compatibilityVersion = "Xcode 9.3";
			developmentRegion = en;
			hasScannedForEncodings = 0;
			knownRegions = (
				en,
				Base,
			);
			mainGroup = 6603B5862764B6EF003F1D78;
			packageReferences = (
				6603B5BB2768D08B003F1D78 /* XCRemoteSwiftPackageReference "SDWebImage" */,
			);
			productRefGroup = 6603B5902764B6EF003F1D78 /* Products */;
			projectDirPath = "";
			projectRoot = "";
			targets = (
				6603B58E2764B6EF003F1D78 /* Pokedex */,
			);
		};
/* End PBXProject section */

/* Begin PBXResourcesBuildPhase section */
		6603B58D2764B6EF003F1D78 /* Resources */ = {
			isa = PBXResourcesBuildPhase;
			buildActionMask = 2147483647;
			files = (
				6603B59F2764B6F3003F1D78 /* LaunchScreen.storyboard in Resources */,
				6603B59C2764B6F3003F1D78 /* Assets.xcassets in Resources */,
				6603B59A2764B6F0003F1D78 /* Main.storyboard in Resources */,
			);
			runOnlyForDeploymentPostprocessing = 0;
		};
/* End PBXResourcesBuildPhase section */

/* Begin PBXSourcesBuildPhase section */
		6603B58B2764B6EF003F1D78 /* Sources */ = {
			isa = PBXSourcesBuildPhase;
			buildActionMask = 2147483647;
			files = (
				6603B5B827651386003F1D78 /* Pokemon.swift in Sources */,
				6603B5932764B6EF003F1D78 /* AppDelegate.swift in Sources */,
				6603B5B02764B94A003F1D78 /* PokedexController.swift in Sources */,
				6603B5952764B6F0003F1D78 /* SceneDelegate.swift in Sources */,
				6603B5C22769ED78003F1D78 /* PokedexViewModel.swift in Sources */,
				662445132776F26E0025C713 /* Constants.swift in Sources */,
				6603B5B22764BD9A003F1D78 /* Extensions.swift in Sources */,
				6603B5BA276744B4003F1D78 /* PokemonDetailViewController.swift in Sources */,
				6603B5B42764C6AB003F1D78 /* PokedexCell.swift in Sources */,
				66A423CA277849C8004B5717 /* PokeError.swift in Sources */,
				6603B5B627650F31003F1D78 /* NetworkManager.swift in Sources */,
			);
			runOnlyForDeploymentPostprocessing = 0;
		};
/* End PBXSourcesBuildPhase section */

/* Begin PBXVariantGroup section */
		6603B5982764B6F0003F1D78 /* Main.storyboard */ = {
			isa = PBXVariantGroup;
			children = (
				6603B5992764B6F0003F1D78 /* Base */,
			);
			name = Main.storyboard;
			sourceTree = "<group>";
		};
		6603B59D2764B6F3003F1D78 /* LaunchScreen.storyboard */ = {
			isa = PBXVariantGroup;
			children = (
				6603B59E2764B6F3003F1D78 /* Base */,
			);
			name = LaunchScreen.storyboard;
			sourceTree = "<group>";
		};
/* End PBXVariantGroup section */

/* Begin XCBuildConfiguration section */
		6603B5A12764B6F3003F1D78 /* Debug */ = {
			isa = XCBuildConfiguration;
			buildSettings = {
				ALWAYS_SEARCH_USER_PATHS = NO;
				CLANG_ANALYZER_NONNULL = YES;
				CLANG_ANALYZER_NUMBER_OBJECT_CONVERSION = YES_AGGRESSIVE;
				CLANG_CXX_LANGUAGE_STANDARD = "gnu++14";
				CLANG_CXX_LIBRARY = "libc++";
				CLANG_ENABLE_MODULES = YES;
				CLANG_ENABLE_OBJC_ARC = YES;
				CLANG_ENABLE_OBJC_WEAK = YES;
				CLANG_WARN_BLOCK_CAPTURE_AUTORELEASING = YES;
				CLANG_WARN_BOOL_CONVERSION = YES;
				CLANG_WARN_COMMA = YES;
				CLANG_WARN_CONSTANT_CONVERSION = YES;
				CLANG_WARN_DEPRECATED_OBJC_IMPLEMENTATIONS = YES;
				CLANG_WARN_DIRECT_OBJC_ISA_USAGE = YES_ERROR;
				CLANG_WARN_DOCUMENTATION_COMMENTS = YES;
				CLANG_WARN_EMPTY_BODY = YES;
				CLANG_WARN_ENUM_CONVERSION = YES;
				CLANG_WARN_INFINITE_RECURSION = YES;
				CLANG_WARN_INT_CONVERSION = YES;
				CLANG_WARN_NON_LITERAL_NULL_CONVERSION = YES;
				CLANG_WARN_OBJC_IMPLICIT_RETAIN_SELF = YES;
				CLANG_WARN_OBJC_LITERAL_CONVERSION = YES;
				CLANG_WARN_OBJC_ROOT_CLASS = YES_ERROR;
				CLANG_WARN_QUOTED_INCLUDE_IN_FRAMEWORK_HEADER = YES;
				CLANG_WARN_RANGE_LOOP_ANALYSIS = YES;
				CLANG_WARN_STRICT_PROTOTYPES = YES;
				CLANG_WARN_SUSPICIOUS_MOVE = YES;
				CLANG_WARN_UNGUARDED_AVAILABILITY = YES_AGGRESSIVE;
				CLANG_WARN_UNREACHABLE_CODE = YES;
				CLANG_WARN__DUPLICATE_METHOD_MATCH = YES;
				COPY_PHASE_STRIP = NO;
				DEBUG_INFORMATION_FORMAT = dwarf;
				ENABLE_STRICT_OBJC_MSGSEND = YES;
				ENABLE_TESTABILITY = YES;
				GCC_C_LANGUAGE_STANDARD = gnu11;
				GCC_DYNAMIC_NO_PIC = NO;
				GCC_NO_COMMON_BLOCKS = YES;
				GCC_OPTIMIZATION_LEVEL = 0;
				GCC_PREPROCESSOR_DEFINITIONS = (
					"DEBUG=1",
					"$(inherited)",
				);
				GCC_WARN_64_TO_32_BIT_CONVERSION = YES;
				GCC_WARN_ABOUT_RETURN_TYPE = YES_ERROR;
				GCC_WARN_UNDECLARED_SELECTOR = YES;
				GCC_WARN_UNINITIALIZED_AUTOS = YES_AGGRESSIVE;
				GCC_WARN_UNUSED_FUNCTION = YES;
				GCC_WARN_UNUSED_VARIABLE = YES;
				IPHONEOS_DEPLOYMENT_TARGET = 14.5;
				MTL_ENABLE_DEBUG_INFO = INCLUDE_SOURCE;
				MTL_FAST_MATH = YES;
				ONLY_ACTIVE_ARCH = YES;
				SDKROOT = iphoneos;
				SWIFT_ACTIVE_COMPILATION_CONDITIONS = DEBUG;
				SWIFT_OPTIMIZATION_LEVEL = "-Onone";
			};
			name = Debug;
		};
		6603B5A22764B6F3003F1D78 /* Release */ = {
			isa = XCBuildConfiguration;
			buildSettings = {
				ALWAYS_SEARCH_USER_PATHS = NO;
				CLANG_ANALYZER_NONNULL = YES;
				CLANG_ANALYZER_NUMBER_OBJECT_CONVERSION = YES_AGGRESSIVE;
				CLANG_CXX_LANGUAGE_STANDARD = "gnu++14";
				CLANG_CXX_LIBRARY = "libc++";
				CLANG_ENABLE_MODULES = YES;
				CLANG_ENABLE_OBJC_ARC = YES;
				CLANG_ENABLE_OBJC_WEAK = YES;
				CLANG_WARN_BLOCK_CAPTURE_AUTORELEASING = YES;
				CLANG_WARN_BOOL_CONVERSION = YES;
				CLANG_WARN_COMMA = YES;
				CLANG_WARN_CONSTANT_CONVERSION = YES;
				CLANG_WARN_DEPRECATED_OBJC_IMPLEMENTATIONS = YES;
				CLANG_WARN_DIRECT_OBJC_ISA_USAGE = YES_ERROR;
				CLANG_WARN_DOCUMENTATION_COMMENTS = YES;
				CLANG_WARN_EMPTY_BODY = YES;
				CLANG_WARN_ENUM_CONVERSION = YES;
				CLANG_WARN_INFINITE_RECURSION = YES;
				CLANG_WARN_INT_CONVERSION = YES;
				CLANG_WARN_NON_LITERAL_NULL_CONVERSION = YES;
				CLANG_WARN_OBJC_IMPLICIT_RETAIN_SELF = YES;
				CLANG_WARN_OBJC_LITERAL_CONVERSION = YES;
				CLANG_WARN_OBJC_ROOT_CLASS = YES_ERROR;
				CLANG_WARN_QUOTED_INCLUDE_IN_FRAMEWORK_HEADER = YES;
				CLANG_WARN_RANGE_LOOP_ANALYSIS = YES;
				CLANG_WARN_STRICT_PROTOTYPES = YES;
				CLANG_WARN_SUSPICIOUS_MOVE = YES;
				CLANG_WARN_UNGUARDED_AVAILABILITY = YES_AGGRESSIVE;
				CLANG_WARN_UNREACHABLE_CODE = YES;
				CLANG_WARN__DUPLICATE_METHOD_MATCH = YES;
				COPY_PHASE_STRIP = NO;
				DEBUG_INFORMATION_FORMAT = "dwarf-with-dsym";
				ENABLE_NS_ASSERTIONS = NO;
				ENABLE_STRICT_OBJC_MSGSEND = YES;
				GCC_C_LANGUAGE_STANDARD = gnu11;
				GCC_NO_COMMON_BLOCKS = YES;
				GCC_WARN_64_TO_32_BIT_CONVERSION = YES;
				GCC_WARN_ABOUT_RETURN_TYPE = YES_ERROR;
				GCC_WARN_UNDECLARED_SELECTOR = YES;
				GCC_WARN_UNINITIALIZED_AUTOS = YES_AGGRESSIVE;
				GCC_WARN_UNUSED_FUNCTION = YES;
				GCC_WARN_UNUSED_VARIABLE = YES;
				IPHONEOS_DEPLOYMENT_TARGET = 14.5;
				MTL_ENABLE_DEBUG_INFO = NO;
				MTL_FAST_MATH = YES;
				SDKROOT = iphoneos;
				SWIFT_COMPILATION_MODE = wholemodule;
				SWIFT_OPTIMIZATION_LEVEL = "-O";
				VALIDATE_PRODUCT = YES;
			};
			name = Release;
		};
		6603B5A42764B6F3003F1D78 /* Debug */ = {
			isa = XCBuildConfiguration;
			buildSettings = {
				ASSETCATALOG_COMPILER_APPICON_NAME = AppIcon;
				ASSETCATALOG_COMPILER_GLOBAL_ACCENT_COLOR_NAME = AccentColor;
				CODE_SIGN_STYLE = Automatic;
				DEVELOPMENT_TEAM = W9X6CS5GN5;
				INFOPLIST_FILE = Pokedex/Info.plist;
				IPHONEOS_DEPLOYMENT_TARGET = 13.0;
				LD_RUNPATH_SEARCH_PATHS = (
					"$(inherited)",
					"@executable_path/Frameworks",
				);
				PRODUCT_BUNDLE_IDENTIFIER = com.basemelkady.Pokedex;
				PRODUCT_NAME = "$(TARGET_NAME)";
				SWIFT_VERSION = 5.0;
				TARGETED_DEVICE_FAMILY = "1,2";
			};
			name = Debug;
		};
		6603B5A52764B6F3003F1D78 /* Release */ = {
			isa = XCBuildConfiguration;
			buildSettings = {
				ASSETCATALOG_COMPILER_APPICON_NAME = AppIcon;
				ASSETCATALOG_COMPILER_GLOBAL_ACCENT_COLOR_NAME = AccentColor;
				CODE_SIGN_STYLE = Automatic;
				DEVELOPMENT_TEAM = W9X6CS5GN5;
				INFOPLIST_FILE = Pokedex/Info.plist;
				IPHONEOS_DEPLOYMENT_TARGET = 13.0;
				LD_RUNPATH_SEARCH_PATHS = (
					"$(inherited)",
					"@executable_path/Frameworks",
				);
				PRODUCT_BUNDLE_IDENTIFIER = com.basemelkady.Pokedex;
				PRODUCT_NAME = "$(TARGET_NAME)";
				SWIFT_VERSION = 5.0;
				TARGETED_DEVICE_FAMILY = "1,2";
			};
			name = Release;
		};
/* End XCBuildConfiguration section */

/* Begin XCConfigurationList section */
		6603B58A2764B6EF003F1D78 /* Build configuration list for PBXProject "Pokedex" */ = {
			isa = XCConfigurationList;
			buildConfigurations = (
				6603B5A12764B6F3003F1D78 /* Debug */,
				6603B5A22764B6F3003F1D78 /* Release */,
			);
			defaultConfigurationIsVisible = 0;
			defaultConfigurationName = Release;
		};
		6603B5A32764B6F3003F1D78 /* Build configuration list for PBXNativeTarget "Pokedex" */ = {
			isa = XCConfigurationList;
			buildConfigurations = (
				6603B5A42764B6F3003F1D78 /* Debug */,
				6603B5A52764B6F3003F1D78 /* Release */,
			);
			defaultConfigurationIsVisible = 0;
			defaultConfigurationName = Release;
		};
/* End XCConfigurationList section */

/* Begin XCRemoteSwiftPackageReference section */
		6603B5BB2768D08B003F1D78 /* XCRemoteSwiftPackageReference "SDWebImage" */ = {
			isa = XCRemoteSwiftPackageReference;
			repositoryURL = "https://github.com/SDWebImage/SDWebImage.git";
			requirement = {
				kind = upToNextMajorVersion;
				minimumVersion = 5.12.1;
			};
		};
/* End XCRemoteSwiftPackageReference section */

/* Begin XCSwiftPackageProductDependency section */
		6603B5BC2768D08D003F1D78 /* SDWebImage */ = {
			isa = XCSwiftPackageProductDependency;
			package = 6603B5BB2768D08B003F1D78 /* XCRemoteSwiftPackageReference "SDWebImage" */;
			productName = SDWebImage;
		};
		6603B5BE2768D08D003F1D78 /* SDWebImageMapKit */ = {
			isa = XCSwiftPackageProductDependency;
			package = 6603B5BB2768D08B003F1D78 /* XCRemoteSwiftPackageReference "SDWebImage" */;
			productName = SDWebImageMapKit;
		};
/* End XCSwiftPackageProductDependency section */
	};
	rootObject = 6603B5872764B6EF003F1D78 /* Project object */;
}
